Microsoft Visual Studio Solution File, Format Version 12.00
# Visual Studio Version 17
VisualStudioVersion = 17.5.2.0
MinimumVisualStudioVersion = 10.0.40219.1
Project("{2150E333-8FDC-42A3-9474-1A3956D46DE8}") = "apps", "apps", "{1787FE1D-075E-9E68-7218-25F1BD1BBEAB}"
EndProject
Project("{2150E333-8FDC-42A3-9474-1A3956D46DE8}") = "api", "api", "{BC2D172B-13BC-136C-CDB1-4B1A687208C4}"
EndProject
Project("{FAE04EC0-301F-11D3-BF4B-00C04F79EFBC}") = "CodeArena.Api", "apps\api\CodeArena.Api.csproj", "{E09FA57A-4600-51BF-2FBC-F24C9E07B8F0}"
EndProject
Project("{2150E333-8FDC-42A3-9474-1A3956D46DE8}") = "runner", "runner", "{01F9DB32-23BE-6331-DA6D-437BEC1C9BE2}"
EndProject
Project("{FAE04EC0-301F-11D3-BF4B-00C04F79EFBC}") = "CodeArena.Runner", "apps\runner\CodeArena.Runner.csproj", "{3888D05C-F1D9-4EE4-49F7-0187E1D4FF6C}"
EndProject
Project("{2150E333-8FDC-42A3-9474-1A3956D46DE8}") = "shared", "shared", "{53334336-8DD2-546E-26F4-E23ACB725AD3}"
EndProject
Project("{FAE04EC0-301F-11D3-BF4B-00C04F79EFBC}") = "CodeArena.Shared", "apps\shared\CodeArena.Shared.csproj", "{F3E9AB72-77B6-555B-2BC5-3C0BA74113B3}"
EndProject
Project("{2150E333-8FDC-42A3-9474-1A3956D46DE8}") = "Tests", "Tests", "{858C69E3-D23F-514B-EBEF-81CDB591EF58}"
EndProject
Project("{FAE04EC0-301F-11D3-BF4B-00C04F79EFBC}") = "CodeArena.Api.Tests", "apps\api\Tests\CodeArena.Api.Tests.csproj", "{07C57A95-67B1-8D69-67D2-DB6F99FC777B}"
EndProject
Global
	GlobalSection(SolutionConfigurationPlatforms) = preSolution
		Debug|Any CPU = Debug|Any CPU
		Release|Any CPU = Release|Any CPU
	EndGlobalSection
	GlobalSection(ProjectConfigurationPlatforms) = postSolution
		{E09FA57A-4600-51BF-2FBC-F24C9E07B8F0}.Debug|Any CPU.ActiveCfg = Debug|Any CPU
		{E09FA57A-4600-51BF-2FBC-F24C9E07B8F0}.Debug|Any CPU.Build.0 = Debug|Any CPU
		{E09FA57A-4600-51BF-2FBC-F24C9E07B8F0}.Release|Any CPU.ActiveCfg = Release|Any CPU
		{E09FA57A-4600-51BF-2FBC-F24C9E07B8F0}.Release|Any CPU.Build.0 = Release|Any CPU
		{3888D05C-F1D9-4EE4-49F7-0187E1D4FF6C}.Debug|Any CPU.ActiveCfg = Debug|Any CPU
		{3888D05C-F1D9-4EE4-49F7-0187E1D4FF6C}.Debug|Any CPU.Build.0 = Debug|Any CPU
		{3888D05C-F1D9-4EE4-49F7-0187E1D4FF6C}.Release|Any CPU.ActiveCfg = Release|Any CPU
		{3888D05C-F1D9-4EE4-49F7-0187E1D4FF6C}.Release|Any CPU.Build.0 = Release|Any CPU
		{F3E9AB72-77B6-555B-2BC5-3C0BA74113B3}.Debug|Any CPU.ActiveCfg = Debug|Any CPU
		{F3E9AB72-77B6-555B-2BC5-3C0BA74113B3}.Debug|Any CPU.Build.0 = Debug|Any CPU
		{F3E9AB72-77B6-555B-2BC5-3C0BA74113B3}.Release|Any CPU.ActiveCfg = Release|Any CPU
		{F3E9AB72-77B6-555B-2BC5-3C0BA74113B3}.Release|Any CPU.Build.0 = Release|Any CPU
		{07C57A95-67B1-8D69-67D2-DB6F99FC777B}.Debug|Any CPU.ActiveCfg = Debug|Any CPU
		{07C57A95-67B1-8D69-67D2-DB6F99FC777B}.Debug|Any CPU.Build.0 = Debug|Any CPU
		{07C57A95-67B1-8D69-67D2-DB6F99FC777B}.Release|Any CPU.ActiveCfg = Release|Any CPU
		{07C57A95-67B1-8D69-67D2-DB6F99FC777B}.Release|Any CPU.Build.0 = Release|Any CPU
	EndGlobalSection
	GlobalSection(SolutionProperties) = preSolution
		HideSolutionNode = FALSE
	EndGlobalSection
	GlobalSection(NestedProjects) = preSolution
		{BC2D172B-13BC-136C-CDB1-4B1A687208C4} = {1787FE1D-075E-9E68-7218-25F1BD1BBEAB}
		{E09FA57A-4600-51BF-2FBC-F24C9E07B8F0} = {BC2D172B-13BC-136C-CDB1-4B1A687208C4}
		{01F9DB32-23BE-6331-DA6D-437BEC1C9BE2} = {1787FE1D-075E-9E68-7218-25F1BD1BBEAB}
		{3888D05C-F1D9-4EE4-49F7-0187E1D4FF6C} = {01F9DB32-23BE-6331-DA6D-437BEC1C9BE2}
		{53334336-8DD2-546E-26F4-E23ACB725AD3} = {1787FE1D-075E-9E68-7218-25F1BD1BBEAB}
		{F3E9AB72-77B6-555B-2BC5-3C0BA74113B3} = {53334336-8DD2-546E-26F4-E23ACB725AD3}
		{858C69E3-D23F-514B-EBEF-81CDB591EF58} = {BC2D172B-13BC-136C-CDB1-4B1A687208C4}
		{07C57A95-67B1-8D69-67D2-DB6F99FC777B} = {858C69E3-D23F-514B-EBEF-81CDB591EF58}
	EndGlobalSection
	GlobalSection(ExtensibilityGlobals) = postSolution
		SolutionGuid = {FE6C3C8B-8ABB-4E2F-B0A1-055A06079DA6}
	EndGlobalSection
EndGlobal
